Microsoft Visual Studio Solution File, Format Version 11.00
# Visual Studio 2008

Project("{C3BB3414-DAA1-6BFB-2EE0-92D32B293C0B}") = "tsunami island", "Assembly-CSharp-firstpass.csproj", "{B27B04E9-EB22-7525-8528-69349B353D56}"
EndProject
Project("{C3BB3414-DAA1-6BFB-2EE0-92D32B293C0B}") = "tsunami island", "Assembly-CSharp.csproj", "{594C9D22-270B-6A0F-F861-49C0D0E87ED9}"
EndProject
Project("{C3BB3414-DAA1-6BFB-2EE0-92D32B293C0B}") = "tsunami island", "Assembly-CSharp-Editor-firstpass.csproj", "{23266C41-4342-B8F2-0EE1-4722DBD981E2}"
EndProject
Global
	GlobalSection(SolutionConfigurationPlatforms) = preSolution
		Debug|Any CPU = Debug|Any CPU
		Release|Any CPU = Release|Any CPU
	EndGlobalSection
	GlobalSection(ProjectConfigurationPlatforms) = postSolution
		{B27B04E9-EB22-7525-8528-69349B353D56}.Debug|Any CPU.ActiveCfg = Debug|Any CPU
		{B27B04E9-EB22-7525-8528-69349B353D56}.Debug|Any CPU.Build.0 = Debug|Any CPU
		{B27B04E9-EB22-7525-8528-69349B353D56}.Release|Any CPU.ActiveCfg = Release|Any CPU
		{B27B04E9-EB22-7525-8528-69349B353D56}.Release|Any CPU.Build.0 = Release|Any CPU
		{594C9D22-270B-6A0F-F861-49C0D0E87ED9}.Debug|Any CPU.ActiveCfg = Debug|Any CPU
		{594C9D22-270B-6A0F-F861-49C0D0E87ED9}.Debug|Any CPU.Build.0 = Debug|Any CPU
		{594C9D22-270B-6A0F-F861-49C0D0E87ED9}.Release|Any CPU.ActiveCfg = Release|Any CPU
		{594C9D22-270B-6A0F-F861-49C0D0E87ED9}.Release|Any CPU.Build.0 = Release|Any CPU
		{23266C41-4342-B8F2-0EE1-4722DBD981E2}.Debug|Any CPU.ActiveCfg = Debug|Any CPU
		{23266C41-4342-B8F2-0EE1-4722DBD981E2}.Debug|Any CPU.Build.0 = Debug|Any CPU
		{23266C41-4342-B8F2-0EE1-4722DBD981E2}.Release|Any CPU.ActiveCfg = Release|Any CPU
		{23266C41-4342-B8F2-0EE1-4722DBD981E2}.Release|Any CPU.Build.0 = Release|Any CPU
	EndGlobalSection
	GlobalSection(SolutionProperties) = preSolution
		HideSolutionNode = FALSE
	EndGlobalSection
	GlobalSection(MonoDevelopProperties) = preSolution
		StartupItem = Assembly-CSharp.csproj
	EndGlobalSection
EndGlobal
